
Microsoft Visual Studio Solution File, Format Version 12.00
# Visual Studio Version 16
VisualStudioVersion = 16.0.31702.278
MinimumVisualStudioVersion = 10.0.40219.1
Project("{8BC9CEB8-8B4A-11D0-8D11-00A0C91BC942}") = "netsurf-alex", "netsurf-alex.vcxproj", "{8C881791-A198-48E2-B83D-D09B05BAC77C}"
EndProject
Project("{8BC9CEB8-8B4A-11D0-8D11-00A0C91BC942}") = "wapcaplet", "wapcaplet\wapcaplet.vcxproj", "{2195A73D-5173-42B4-B953-7AFF7E55D6E1}"
EndProject
Project("{8BC9CEB8-8B4A-11D0-8D11-00A0C91BC942}") = "css", "css\css.vcxproj", "{2C9E481A-F27E-4353-A643-FDA5A0E29933}"
EndProject
Project("{8BC9CEB8-8B4A-11D0-8D11-00A0C91BC942}") = "parserutils", "parserutils\parserutils.vcxproj", "{DE58CBB9-2AF3-4446-B66C-1821696D0838}"
EndProject
Project("{8BC9CEB8-8B4A-11D0-8D11-00A0C91BC942}") = "libiconv", "..\..\libiconv-for-Windows\libiconv.vcxproj", "{1704EA01-6B21-4362-9F1F-44D25CF2E0D7}"
EndProject
Project("{8BC9CEB8-8B4A-11D0-8D11-00A0C91BC942}") = "zlibstat", "..\..\zlib\contrib\vstudio\vc14\zlibstat.vcxproj", "{745DEC58-EBB3-47A9-A9B8-4C6627C01BF8}"
EndProject
Project("{8BC9CEB8-8B4A-11D0-8D11-00A0C91BC942}") = "dom", "dom\dom.vcxproj", "{124CDE21-9772-4EF9-A061-0019E344C912}"
EndProject
Project("{8BC9CEB8-8B4A-11D0-8D11-00A0C91BC942}") = "hubbub", "hubbub\hubbub.vcxproj", "{5D875CA3-56FC-4C1A-A9D3-24314A3AD7F5}"
EndProject
Project("{8BC9CEB8-8B4A-11D0-8D11-00A0C91BC942}") = "nsutils", "nsutils\nsutils.vcxproj", "{4F9B5518-24D8-471A-AFF8-BFB130C8025B}"
EndProject
Project("{8BC9CEB8-8B4A-11D0-8D11-00A0C91BC942}") = "zlibvc", "..\..\zlib\contrib\vstudio\vc14\zlibvc.vcxproj", "{8FD826F8-3739-44E6-8CC8-997122E53B8D}"
EndProject
Global
	GlobalSection(SolutionConfigurationPlatforms) = preSolution
		Debug|Itanium = Debug|Itanium
		Debug|x64 = Debug|x64
		Debug|x86 = Debug|x86
		DebugStatic|Itanium = DebugStatic|Itanium
		DebugStatic|x64 = DebugStatic|x64
		DebugStatic|x86 = DebugStatic|x86
		Release|Itanium = Release|Itanium
		Release|x64 = Release|x64
		Release|x86 = Release|x86
		ReleaseStatic|Itanium = ReleaseStatic|Itanium
		ReleaseStatic|x64 = ReleaseStatic|x64
		ReleaseStatic|x86 = ReleaseStatic|x86
		ReleaseWithoutAsm|Itanium = ReleaseWithoutAsm|Itanium
		ReleaseWithoutAsm|x64 = ReleaseWithoutAsm|x64
		ReleaseWithoutAsm|x86 = ReleaseWithoutAsm|x86
	EndGlobalSection
	GlobalSection(ProjectConfigurationPlatforms) = postSolution
		{8C881791-A198-48E2-B83D-D09B05BAC77C}.Debug|Itanium.ActiveCfg = Debug|Win32
		{8C881791-A198-48E2-B83D-D09B05BAC77C}.Debug|x64.ActiveCfg = Debug|x64
		{8C881791-A198-48E2-B83D-D09B05BAC77C}.Debug|x64.Build.0 = Debug|x64
		{8C881791-A198-48E2-B83D-D09B05BAC77C}.Debug|x86.ActiveCfg = Debug|Win32
		{8C881791-A198-48E2-B83D-D09B05BAC77C}.Debug|x86.Build.0 = Debug|Win32
		{8C881791-A198-48E2-B83D-D09B05BAC77C}.DebugStatic|Itanium.ActiveCfg = Release|Win32
		{8C881791-A198-48E2-B83D-D09B05BAC77C}.DebugStatic|Itanium.Build.0 = Release|Win32
		{8C881791-A198-48E2-B83D-D09B05BAC77C}.DebugStatic|x64.ActiveCfg = Debug|x64
		{8C881791-A198-48E2-B83D-D09B05BAC77C}.DebugStatic|x64.Build.0 = Debug|x64
		{8C881791-A198-48E2-B83D-D09B05BAC77C}.DebugStatic|x86.ActiveCfg = Debug|Win32
		{8C881791-A198-48E2-B83D-D09B05BAC77C}.DebugStatic|x86.Build.0 = Debug|Win32
		{8C881791-A198-48E2-B83D-D09B05BAC77C}.Release|Itanium.ActiveCfg = Release|Win32
		{8C881791-A198-48E2-B83D-D09B05BAC77C}.Release|x64.ActiveCfg = Release|x64
		{8C881791-A198-48E2-B83D-D09B05BAC77C}.Release|x64.Build.0 = Release|x64
		{8C881791-A198-48E2-B83D-D09B05BAC77C}.Release|x86.ActiveCfg = Release|Win32
		{8C881791-A198-48E2-B83D-D09B05BAC77C}.Release|x86.Build.0 = Release|Win32
		{8C881791-A198-48E2-B83D-D09B05BAC77C}.ReleaseStatic|Itanium.ActiveCfg = Release|Win32
		{8C881791-A198-48E2-B83D-D09B05BAC77C}.ReleaseStatic|Itanium.Build.0 = Release|Win32
		{8C881791-A198-48E2-B83D-D09B05BAC77C}.ReleaseStatic|x64.ActiveCfg = Release|x64
		{8C881791-A198-48E2-B83D-D09B05BAC77C}.ReleaseStatic|x64.Build.0 = Release|x64
		{8C881791-A198-48E2-B83D-D09B05BAC77C}.ReleaseStatic|x86.ActiveCfg = Release|Win32
		{8C881791-A198-48E2-B83D-D09B05BAC77C}.ReleaseStatic|x86.Build.0 = Release|Win32
		{8C881791-A198-48E2-B83D-D09B05BAC77C}.ReleaseWithoutAsm|Itanium.ActiveCfg = Release|Win32
		{8C881791-A198-48E2-B83D-D09B05BAC77C}.ReleaseWithoutAsm|Itanium.Build.0 = Release|Win32
		{8C881791-A198-48E2-B83D-D09B05BAC77C}.ReleaseWithoutAsm|x64.ActiveCfg = Release|x64
		{8C881791-A198-48E2-B83D-D09B05BAC77C}.ReleaseWithoutAsm|x64.Build.0 = Release|x64
		{8C881791-A198-48E2-B83D-D09B05BAC77C}.ReleaseWithoutAsm|x86.ActiveCfg = Release|Win32
		{8C881791-A198-48E2-B83D-D09B05BAC77C}.ReleaseWithoutAsm|x86.Build.0 = Release|Win32
		{2195A73D-5173-42B4-B953-7AFF7E55D6E1}.Debug|Itanium.ActiveCfg = Debug|Win32
		{2195A73D-5173-42B4-B953-7AFF7E55D6E1}.Debug|x64.ActiveCfg = Debug|x64
		{2195A73D-5173-42B4-B953-7AFF7E55D6E1}.Debug|x64.Build.0 = Debug|x64
		{2195A73D-5173-42B4-B953-7AFF7E55D6E1}.Debug|x86.ActiveCfg = Debug|Win32
		{2195A73D-5173-42B4-B953-7AFF7E55D6E1}.Debug|x86.Build.0 = Debug|Win32
		{2195A73D-5173-42B4-B953-7AFF7E55D6E1}.DebugStatic|Itanium.ActiveCfg = Release|Win32
		{2195A73D-5173-42B4-B953-7AFF7E55D6E1}.DebugStatic|Itanium.Build.0 = Release|Win32
		{2195A73D-5173-42B4-B953-7AFF7E55D6E1}.DebugStatic|x64.ActiveCfg = Debug|x64
		{2195A73D-5173-42B4-B953-7AFF7E55D6E1}.DebugStatic|x64.Build.0 = Debug|x64
		{2195A73D-5173-42B4-B953-7AFF7E55D6E1}.DebugStatic|x86.ActiveCfg = Debug|Win32
		{2195A73D-5173-42B4-B953-7AFF7E55D6E1}.DebugStatic|x86.Build.0 = Debug|Win32
		{2195A73D-5173-42B4-B953-7AFF7E55D6E1}.Release|Itanium.ActiveCfg = Release|Win32
		{2195A73D-5173-42B4-B953-7AFF7E55D6E1}.Release|x64.ActiveCfg = Release|x64
		{2195A73D-5173-42B4-B953-7AFF7E55D6E1}.Release|x64.Build.0 = Release|x64
		{2195A73D-5173-42B4-B953-7AFF7E55D6E1}.Release|x86.ActiveCfg = Release|Win32
		{2195A73D-5173-42B4-B953-7AFF7E55D6E1}.Release|x86.Build.0 = Release|Win32
		{2195A73D-5173-42B4-B953-7AFF7E55D6E1}.ReleaseStatic|Itanium.ActiveCfg = Release|Win32
		{2195A73D-5173-42B4-B953-7AFF7E55D6E1}.ReleaseStatic|Itanium.Build.0 = Release|Win32
		{2195A73D-5173-42B4-B953-7AFF7E55D6E1}.ReleaseStatic|x64.ActiveCfg = Release|x64
		{2195A73D-5173-42B4-B953-7AFF7E55D6E1}.ReleaseStatic|x64.Build.0 = Release|x64
		{2195A73D-5173-42B4-B953-7AFF7E55D6E1}.ReleaseStatic|x86.ActiveCfg = Release|Win32
		{2195A73D-5173-42B4-B953-7AFF7E55D6E1}.ReleaseStatic|x86.Build.0 = Release|Win32
		{2195A73D-5173-42B4-B953-7AFF7E55D6E1}.ReleaseWithoutAsm|Itanium.ActiveCfg = Release|Win32
		{2195A73D-5173-42B4-B953-7AFF7E55D6E1}.ReleaseWithoutAsm|Itanium.Build.0 = Release|Win32
		{2195A73D-5173-42B4-B953-7AFF7E55D6E1}.ReleaseWithoutAsm|x64.ActiveCfg = Release|x64
		{2195A73D-5173-42B4-B953-7AFF7E55D6E1}.ReleaseWithoutAsm|x64.Build.0 = Release|x64
		{2195A73D-5173-42B4-B953-7AFF7E55D6E1}.ReleaseWithoutAsm|x86.ActiveCfg = Release|Win32
		{2195A73D-5173-42B4-B953-7AFF7E55D6E1}.ReleaseWithoutAsm|x86.Build.0 = Release|Win32
		{2C9E481A-F27E-4353-A643-FDA5A0E29933}.Debug|Itanium.ActiveCfg = Debug|Win32
		{2C9E481A-F27E-4353-A643-FDA5A0E29933}.Debug|x64.ActiveCfg = Debug|x64
		{2C9E481A-F27E-4353-A643-FDA5A0E29933}.Debug|x64.Build.0 = Debug|x64
		{2C9E481A-F27E-4353-A643-FDA5A0E29933}.Debug|x86.ActiveCfg = Debug|Win32
		{2C9E481A-F27E-4353-A643-FDA5A0E29933}.Debug|x86.Build.0 = Debug|Win32
		{2C9E481A-F27E-4353-A643-FDA5A0E29933}.DebugStatic|Itanium.ActiveCfg = Release|Win32
		{2C9E481A-F27E-4353-A643-FDA5A0E29933}.DebugStatic|Itanium.Build.0 = Release|Win32
		{2C9E481A-F27E-4353-A643-FDA5A0E29933}.DebugStatic|x64.ActiveCfg = Debug|x64
		{2C9E481A-F27E-4353-A643-FDA5A0E29933}.DebugStatic|x64.Build.0 = Debug|x64
		{2C9E481A-F27E-4353-A643-FDA5A0E29933}.DebugStatic|x86.ActiveCfg = Debug|Win32
		{2C9E481A-F27E-4353-A643-FDA5A0E29933}.DebugStatic|x86.Build.0 = Debug|Win32
		{2C9E481A-F27E-4353-A643-FDA5A0E29933}.Release|Itanium.ActiveCfg = Release|Win32
		{2C9E481A-F27E-4353-A643-FDA5A0E29933}.Release|x64.ActiveCfg = Release|x64
		{2C9E481A-F27E-4353-A643-FDA5A0E29933}.Release|x64.Build.0 = Release|x64
		{2C9E481A-F27E-4353-A643-FDA5A0E29933}.Release|x86.ActiveCfg = Release|Win32
		{2C9E481A-F27E-4353-A643-FDA5A0E29933}.Release|x86.Build.0 = Release|Win32
		{2C9E481A-F27E-4353-A643-FDA5A0E29933}.ReleaseStatic|Itanium.ActiveCfg = Release|Win32
		{2C9E481A-F27E-4353-A643-FDA5A0E29933}.ReleaseStatic|Itanium.Build.0 = Release|Win32
		{2C9E481A-F27E-4353-A643-FDA5A0E29933}.ReleaseStatic|x64.ActiveCfg = Release|x64
		{2C9E481A-F27E-4353-A643-FDA5A0E29933}.ReleaseStatic|x64.Build.0 = Release|x64
		{2C9E481A-F27E-4353-A643-FDA5A0E29933}.ReleaseStatic|x86.ActiveCfg = Release|Win32
		{2C9E481A-F27E-4353-A643-FDA5A0E29933}.ReleaseStatic|x86.Build.0 = Release|Win32
		{2C9E481A-F27E-4353-A643-FDA5A0E29933}.ReleaseWithoutAsm|Itanium.ActiveCfg = Release|Win32
		{2C9E481A-F27E-4353-A643-FDA5A0E29933}.ReleaseWithoutAsm|Itanium.Build.0 = Release|Win32
		{2C9E481A-F27E-4353-A643-FDA5A0E29933}.ReleaseWithoutAsm|x64.ActiveCfg = Release|x64
		{2C9E481A-F27E-4353-A643-FDA5A0E29933}.ReleaseWithoutAsm|x64.Build.0 = Release|x64
		{2C9E481A-F27E-4353-A643-FDA5A0E29933}.ReleaseWithoutAsm|x86.ActiveCfg = Release|Win32
		{2C9E481A-F27E-4353-A643-FDA5A0E29933}.ReleaseWithoutAsm|x86.Build.0 = Release|Win32
		{DE58CBB9-2AF3-4446-B66C-1821696D0838}.Debug|Itanium.ActiveCfg = Debug|Win32
		{DE58CBB9-2AF3-4446-B66C-1821696D0838}.Debug|x64.ActiveCfg = Debug|x64
		{DE58CBB9-2AF3-4446-B66C-1821696D0838}.Debug|x64.Build.0 = Debug|x64
		{DE58CBB9-2AF3-4446-B66C-1821696D0838}.Debug|x86.ActiveCfg = Debug|Win32
		{DE58CBB9-2AF3-4446-B66C-1821696D0838}.Debug|x86.Build.0 = Debug|Win32
		{DE58CBB9-2AF3-4446-B66C-1821696D0838}.DebugStatic|Itanium.ActiveCfg = Release|Win32
		{DE58CBB9-2AF3-4446-B66C-1821696D0838}.DebugStatic|Itanium.Build.0 = Release|Win32
		{DE58CBB9-2AF3-4446-B66C-1821696D0838}.DebugStatic|x64.ActiveCfg = Debug|x64
		{DE58CBB9-2AF3-4446-B66C-1821696D0838}.DebugStatic|x64.Build.0 = Debug|x64
		{DE58CBB9-2AF3-4446-B66C-1821696D0838}.DebugStatic|x86.ActiveCfg = Debug|Win32
		{DE58CBB9-2AF3-4446-B66C-1821696D0838}.DebugStatic|x86.Build.0 = Debug|Win32
		{DE58CBB9-2AF3-4446-B66C-1821696D0838}.Release|Itanium.ActiveCfg = Release|Win32
		{DE58CBB9-2AF3-4446-B66C-1821696D0838}.Release|x64.ActiveCfg = Release|x64
		{DE58CBB9-2AF3-4446-B66C-1821696D0838}.Release|x64.Build.0 = Release|x64
		{DE58CBB9-2AF3-4446-B66C-1821696D0838}.Release|x86.ActiveCfg = Release|Win32
		{DE58CBB9-2AF3-4446-B66C-1821696D0838}.Release|x86.Build.0 = Release|Win32
		{DE58CBB9-2AF3-4446-B66C-1821696D0838}.ReleaseStatic|Itanium.ActiveCfg = Release|Win32
		{DE58CBB9-2AF3-4446-B66C-1821696D0838}.ReleaseStatic|Itanium.Build.0 = Release|Win32
		{DE58CBB9-2AF3-4446-B66C-1821696D0838}.ReleaseStatic|x64.ActiveCfg = Release|x64
		{DE58CBB9-2AF3-4446-B66C-1821696D0838}.ReleaseStatic|x64.Build.0 = Release|x64
		{DE58CBB9-2AF3-4446-B66C-1821696D0838}.ReleaseStatic|x86.ActiveCfg = Release|Win32
		{DE58CBB9-2AF3-4446-B66C-1821696D0838}.ReleaseStatic|x86.Build.0 = Release|Win32
		{DE58CBB9-2AF3-4446-B66C-1821696D0838}.ReleaseWithoutAsm|Itanium.ActiveCfg = Release|Win32
		{DE58CBB9-2AF3-4446-B66C-1821696D0838}.ReleaseWithoutAsm|Itanium.Build.0 = Release|Win32
		{DE58CBB9-2AF3-4446-B66C-1821696D0838}.ReleaseWithoutAsm|x64.ActiveCfg = Release|x64
		{DE58CBB9-2AF3-4446-B66C-1821696D0838}.ReleaseWithoutAsm|x64.Build.0 = Release|x64
		{DE58CBB9-2AF3-4446-B66C-1821696D0838}.ReleaseWithoutAsm|x86.ActiveCfg = Release|Win32
		{DE58CBB9-2AF3-4446-B66C-1821696D0838}.ReleaseWithoutAsm|x86.Build.0 = Release|Win32
		{1704EA01-6B21-4362-9F1F-44D25CF2E0D7}.Debug|Itanium.ActiveCfg = Debug|Win32
		{1704EA01-6B21-4362-9F1F-44D25CF2E0D7}.Debug|x64.ActiveCfg = Debug|x64
		{1704EA01-6B21-4362-9F1F-44D25CF2E0D7}.Debug|x64.Build.0 = Debug|x64
		{1704EA01-6B21-4362-9F1F-44D25CF2E0D7}.Debug|x86.ActiveCfg = Debug|Win32
		{1704EA01-6B21-4362-9F1F-44D25CF2E0D7}.Debug|x86.Build.0 = Debug|Win32
		{1704EA01-6B21-4362-9F1F-44D25CF2E0D7}.DebugStatic|Itanium.ActiveCfg = DebugStatic|Win32
		{1704EA01-6B21-4362-9F1F-44D25CF2E0D7}.DebugStatic|x64.ActiveCfg = DebugStatic|x64
		{1704EA01-6B21-4362-9F1F-44D25CF2E0D7}.DebugStatic|x64.Build.0 = DebugStatic|x64
		{1704EA01-6B21-4362-9F1F-44D25CF2E0D7}.DebugStatic|x86.ActiveCfg = DebugStatic|Win32
		{1704EA01-6B21-4362-9F1F-44D25CF2E0D7}.DebugStatic|x86.Build.0 = DebugStatic|Win32
		{1704EA01-6B21-4362-9F1F-44D25CF2E0D7}.Release|Itanium.ActiveCfg = Release|Win32
		{1704EA01-6B21-4362-9F1F-44D25CF2E0D7}.Release|x64.ActiveCfg = Release|x64
		{1704EA01-6B21-4362-9F1F-44D25CF2E0D7}.Release|x64.Build.0 = Release|x64
		{1704EA01-6B21-4362-9F1F-44D25CF2E0D7}.Release|x86.ActiveCfg = Release|Win32
		{1704EA01-6B21-4362-9F1F-44D25CF2E0D7}.Release|x86.Build.0 = Release|Win32
		{1704EA01-6B21-4362-9F1F-44D25CF2E0D7}.ReleaseStatic|Itanium.ActiveCfg = ReleaseStatic|Win32
		{1704EA01-6B21-4362-9F1F-44D25CF2E0D7}.ReleaseStatic|x64.ActiveCfg = ReleaseStatic|x64
		{1704EA01-6B21-4362-9F1F-44D25CF2E0D7}.ReleaseStatic|x64.Build.0 = ReleaseStatic|x64
		{1704EA01-6B21-4362-9F1F-44D25CF2E0D7}.ReleaseStatic|x86.ActiveCfg = ReleaseStatic|Win32
		{1704EA01-6B21-4362-9F1F-44D25CF2E0D7}.ReleaseStatic|x86.Build.0 = ReleaseStatic|Win32
		{1704EA01-6B21-4362-9F1F-44D25CF2E0D7}.ReleaseWithoutAsm|Itanium.ActiveCfg = Debug|Win32
		{1704EA01-6B21-4362-9F1F-44D25CF2E0D7}.ReleaseWithoutAsm|Itanium.Build.0 = Debug|Win32
		{1704EA01-6B21-4362-9F1F-44D25CF2E0D7}.ReleaseWithoutAsm|x64.ActiveCfg = ReleaseStatic|x64
		{1704EA01-6B21-4362-9F1F-44D25CF2E0D7}.ReleaseWithoutAsm|x64.Build.0 = ReleaseStatic|x64
		{1704EA01-6B21-4362-9F1F-44D25CF2E0D7}.ReleaseWithoutAsm|x86.ActiveCfg = ReleaseStatic|Win32
		{1704EA01-6B21-4362-9F1F-44D25CF2E0D7}.ReleaseWithoutAsm|x86.Build.0 = ReleaseStatic|Win32
		{745DEC58-EBB3-47A9-A9B8-4C6627C01BF8}.Debug|Itanium.ActiveCfg = Debug|Itanium
		{745DEC58-EBB3-47A9-A9B8-4C6627C01BF8}.Debug|Itanium.Build.0 = Debug|Itanium
		{745DEC58-EBB3-47A9-A9B8-4C6627C01BF8}.Debug|x64.ActiveCfg = Debug|x64
		{745DEC58-EBB3-47A9-A9B8-4C6627C01BF8}.Debug|x64.Build.0 = Debug|x64
		{745DEC58-EBB3-47A9-A9B8-4C6627C01BF8}.Debug|x86.ActiveCfg = Debug|Win32
		{745DEC58-EBB3-47A9-A9B8-4C6627C01BF8}.Debug|x86.Build.0 = Debug|Win32
		{745DEC58-EBB3-47A9-A9B8-4C6627C01BF8}.DebugStatic|Itanium.ActiveCfg = Debug|Itanium
		{745DEC58-EBB3-47A9-A9B8-4C6627C01BF8}.DebugStatic|Itanium.Build.0 = Debug|Itanium
		{745DEC58-EBB3-47A9-A9B8-4C6627C01BF8}.DebugStatic|x64.ActiveCfg = Debug|x64
		{745DEC58-EBB3-47A9-A9B8-4C6627C01BF8}.DebugStatic|x64.Build.0 = Debug|x64
		{745DEC58-EBB3-47A9-A9B8-4C6627C01BF8}.DebugStatic|x86.ActiveCfg = Debug|Win32
		{745DEC58-EBB3-47A9-A9B8-4C6627C01BF8}.DebugStatic|x86.Build.0 = Debug|Win32
		{745DEC58-EBB3-47A9-A9B8-4C6627C01BF8}.Release|Itanium.ActiveCfg = Release|Itanium
		{745DEC58-EBB3-47A9-A9B8-4C6627C01BF8}.Release|Itanium.Build.0 = Release|Itanium
		{745DEC58-EBB3-47A9-A9B8-4C6627C01BF8}.Release|x64.ActiveCfg = Release|x64
		{745DEC58-EBB3-47A9-A9B8-4C6627C01BF8}.Release|x64.Build.0 = Release|x64
		{745DEC58-EBB3-47A9-A9B8-4C6627C01BF8}.Release|x86.ActiveCfg = Release|Win32
		{745DEC58-EBB3-47A9-A9B8-4C6627C01BF8}.Release|x86.Build.0 = Release|Win32
		{745DEC58-EBB3-47A9-A9B8-4C6627C01BF8}.ReleaseStatic|Itanium.ActiveCfg = Release|Itanium
		{745DEC58-EBB3-47A9-A9B8-4C6627C01BF8}.ReleaseStatic|Itanium.Build.0 = Release|Itanium
		{745DEC58-EBB3-47A9-A9B8-4C6627C01BF8}.ReleaseStatic|x64.ActiveCfg = ReleaseWithoutAsm|x64
		{745DEC58-EBB3-47A9-A9B8-4C6627C01BF8}.ReleaseStatic|x64.Build.0 = ReleaseWithoutAsm|x64
		{745DEC58-EBB3-47A9-A9B8-4C6627C01BF8}.ReleaseStatic|x86.ActiveCfg = ReleaseWithoutAsm|Win32
		{745DEC58-EBB3-47A9-A9B8-4C6627C01BF8}.ReleaseStatic|x86.Build.0 = ReleaseWithoutAsm|Win32
		{745DEC58-EBB3-47A9-A9B8-4C6627C01BF8}.ReleaseWithoutAsm|Itanium.ActiveCfg = ReleaseWithoutAsm|Itanium
		{745DEC58-EBB3-47A9-A9B8-4C6627C01BF8}.ReleaseWithoutAsm|Itanium.Build.0 = ReleaseWithoutAsm|Itanium
		{745DEC58-EBB3-47A9-A9B8-4C6627C01BF8}.ReleaseWithoutAsm|x64.ActiveCfg = ReleaseWithoutAsm|x64
		{745DEC58-EBB3-47A9-A9B8-4C6627C01BF8}.ReleaseWithoutAsm|x64.Build.0 = ReleaseWithoutAsm|x64
		{745DEC58-EBB3-47A9-A9B8-4C6627C01BF8}.ReleaseWithoutAsm|x86.ActiveCfg = ReleaseWithoutAsm|Win32
		{745DEC58-EBB3-47A9-A9B8-4C6627C01BF8}.ReleaseWithoutAsm|x86.Build.0 = ReleaseWithoutAsm|Win32
		{124CDE21-9772-4EF9-A061-0019E344C912}.Debug|Itanium.ActiveCfg = Debug|Win32
		{124CDE21-9772-4EF9-A061-0019E344C912}.Debug|x64.ActiveCfg = Debug|x64
		{124CDE21-9772-4EF9-A061-0019E344C912}.Debug|x64.Build.0 = Debug|x64
		{124CDE21-9772-4EF9-A061-0019E344C912}.Debug|x86.ActiveCfg = Debug|Win32
		{124CDE21-9772-4EF9-A061-0019E344C912}.Debug|x86.Build.0 = Debug|Win32
		{124CDE21-9772-4EF9-A061-0019E344C912}.DebugStatic|Itanium.ActiveCfg = Debug|Win32
		{124CDE21-9772-4EF9-A061-0019E344C912}.DebugStatic|Itanium.Build.0 = Debug|Win32
		{124CDE21-9772-4EF9-A061-0019E344C912}.DebugStatic|x64.ActiveCfg = Debug|x64
		{124CDE21-9772-4EF9-A061-0019E344C912}.DebugStatic|x64.Build.0 = Debug|x64
		{124CDE21-9772-4EF9-A061-0019E344C912}.DebugStatic|x86.ActiveCfg = Debug|Win32
		{124CDE21-9772-4EF9-A061-0019E344C912}.DebugStatic|x86.Build.0 = Debug|Win32
		{124CDE21-9772-4EF9-A061-0019E344C912}.Release|Itanium.ActiveCfg = Release|Win32
		{124CDE21-9772-4EF9-A061-0019E344C912}.Release|x64.ActiveCfg = Release|x64
		{124CDE21-9772-4EF9-A061-0019E344C912}.Release|x64.Build.0 = Release|x64
		{124CDE21-9772-4EF9-A061-0019E344C912}.Release|x86.ActiveCfg = Release|Win32
		{124CDE21-9772-4EF9-A061-0019E344C912}.Release|x86.Build.0 = Release|Win32
		{124CDE21-9772-4EF9-A061-0019E344C912}.ReleaseStatic|Itanium.ActiveCfg = Debug|Win32
		{124CDE21-9772-4EF9-A061-0019E344C912}.ReleaseStatic|Itanium.Build.0 = Debug|Win32
		{124CDE21-9772-4EF9-A061-0019E344C912}.ReleaseStatic|x64.ActiveCfg = Release|x64
		{124CDE21-9772-4EF9-A061-0019E344C912}.ReleaseStatic|x64.Build.0 = Release|x64
		{124CDE21-9772-4EF9-A061-0019E344C912}.ReleaseStatic|x86.ActiveCfg = Release|Win32
		{124CDE21-9772-4EF9-A061-0019E344C912}.ReleaseStatic|x86.Build.0 = Release|Win32
		{124CDE21-9772-4EF9-A061-0019E344C912}.ReleaseWithoutAsm|Itanium.ActiveCfg = Debug|Win32
		{124CDE21-9772-4EF9-A061-0019E344C912}.ReleaseWithoutAsm|Itanium.Build.0 = Debug|Win32
		{124CDE21-9772-4EF9-A061-0019E344C912}.ReleaseWithoutAsm|x64.ActiveCfg = Release|x64
		{124CDE21-9772-4EF9-A061-0019E344C912}.ReleaseWithoutAsm|x64.Build.0 = Release|x64
		{124CDE21-9772-4EF9-A061-0019E344C912}.ReleaseWithoutAsm|x86.ActiveCfg = Release|Win32
		{124CDE21-9772-4EF9-A061-0019E344C912}.ReleaseWithoutAsm|x86.Build.0 = Release|Win32
		{5D875CA3-56FC-4C1A-A9D3-24314A3AD7F5}.Debug|Itanium.ActiveCfg = Debug|Win32
		{5D875CA3-56FC-4C1A-A9D3-24314A3AD7F5}.Debug|x64.ActiveCfg = Debug|x64
		{5D875CA3-56FC-4C1A-A9D3-24314A3AD7F5}.Debug|x64.Build.0 = Debug|x64
		{5D875CA3-56FC-4C1A-A9D3-24314A3AD7F5}.Debug|x86.ActiveCfg = Debug|Win32
		{5D875CA3-56FC-4C1A-A9D3-24314A3AD7F5}.Debug|x86.Build.0 = Debug|Win32
		{5D875CA3-56FC-4C1A-A9D3-24314A3AD7F5}.DebugStatic|Itanium.ActiveCfg = Debug|Win32
		{5D875CA3-56FC-4C1A-A9D3-24314A3AD7F5}.DebugStatic|Itanium.Build.0 = Debug|Win32
		{5D875CA3-56FC-4C1A-A9D3-24314A3AD7F5}.DebugStatic|x64.ActiveCfg = Debug|x64
		{5D875CA3-56FC-4C1A-A9D3-24314A3AD7F5}.DebugStatic|x64.Build.0 = Debug|x64
		{5D875CA3-56FC-4C1A-A9D3-24314A3AD7F5}.DebugStatic|x86.ActiveCfg = Debug|Win32
		{5D875CA3-56FC-4C1A-A9D3-24314A3AD7F5}.DebugStatic|x86.Build.0 = Debug|Win32
		{5D875CA3-56FC-4C1A-A9D3-24314A3AD7F5}.Release|Itanium.ActiveCfg = Release|Win32
		{5D875CA3-56FC-4C1A-A9D3-24314A3AD7F5}.Release|x64.ActiveCfg = Release|x64
		{5D875CA3-56FC-4C1A-A9D3-24314A3AD7F5}.Release|x64.Build.0 = Release|x64
		{5D875CA3-56FC-4C1A-A9D3-24314A3AD7F5}.Release|x86.ActiveCfg = Release|Win32
		{5D875CA3-56FC-4C1A-A9D3-24314A3AD7F5}.Release|x86.Build.0 = Release|Win32
		{5D875CA3-56FC-4C1A-A9D3-24314A3AD7F5}.ReleaseStatic|Itanium.ActiveCfg = Debug|Win32
		{5D875CA3-56FC-4C1A-A9D3-24314A3AD7F5}.ReleaseStatic|Itanium.Build.0 = Debug|Win32
		{5D875CA3-56FC-4C1A-A9D3-24314A3AD7F5}.ReleaseStatic|x64.ActiveCfg = Release|x64
		{5D875CA3-56FC-4C1A-A9D3-24314A3AD7F5}.ReleaseStatic|x64.Build.0 = Release|x64
		{5D875CA3-56FC-4C1A-A9D3-24314A3AD7F5}.ReleaseStatic|x86.ActiveCfg = Release|Win32
		{5D875CA3-56FC-4C1A-A9D3-24314A3AD7F5}.ReleaseStatic|x86.Build.0 = Release|Win32
		{5D875CA3-56FC-4C1A-A9D3-24314A3AD7F5}.ReleaseWithoutAsm|Itanium.ActiveCfg = Debug|Win32
		{5D875CA3-56FC-4C1A-A9D3-24314A3AD7F5}.ReleaseWithoutAsm|Itanium.Build.0 = Debug|Win32
		{5D875CA3-56FC-4C1A-A9D3-24314A3AD7F5}.ReleaseWithoutAsm|x64.ActiveCfg = Release|x64
		{5D875CA3-56FC-4C1A-A9D3-24314A3AD7F5}.ReleaseWithoutAsm|x64.Build.0 = Release|x64
		{5D875CA3-56FC-4C1A-A9D3-24314A3AD7F5}.ReleaseWithoutAsm|x86.ActiveCfg = Release|Win32
		{5D875CA3-56FC-4C1A-A9D3-24314A3AD7F5}.ReleaseWithoutAsm|x86.Build.0 = Release|Win32
		{4F9B5518-24D8-471A-AFF8-BFB130C8025B}.Debug|Itanium.ActiveCfg = Debug|Win32
		{4F9B5518-24D8-471A-AFF8-BFB130C8025B}.Debug|x64.ActiveCfg = Debug|x64
		{4F9B5518-24D8-471A-AFF8-BFB130C8025B}.Debug|x64.Build.0 = Debug|x64
		{4F9B5518-24D8-471A-AFF8-BFB130C8025B}.Debug|x86.ActiveCfg = Debug|Win32
		{4F9B5518-24D8-471A-AFF8-BFB130C8025B}.Debug|x86.Build.0 = Debug|Win32
		{4F9B5518-24D8-471A-AFF8-BFB130C8025B}.DebugStatic|Itanium.ActiveCfg = Debug|Win32
		{4F9B5518-24D8-471A-AFF8-BFB130C8025B}.DebugStatic|Itanium.Build.0 = Debug|Win32
		{4F9B5518-24D8-471A-AFF8-BFB130C8025B}.DebugStatic|x64.ActiveCfg = Debug|x64
		{4F9B5518-24D8-471A-AFF8-BFB130C8025B}.DebugStatic|x64.Build.0 = Debug|x64
		{4F9B5518-24D8-471A-AFF8-BFB130C8025B}.DebugStatic|x86.ActiveCfg = Debug|Win32
		{4F9B5518-24D8-471A-AFF8-BFB130C8025B}.DebugStatic|x86.Build.0 = Debug|Win32
		{4F9B5518-24D8-471A-AFF8-BFB130C8025B}.Release|Itanium.ActiveCfg = Release|Win32
		{4F9B5518-24D8-471A-AFF8-BFB130C8025B}.Release|x64.ActiveCfg = Release|x64
		{4F9B5518-24D8-471A-AFF8-BFB130C8025B}.Release|x64.Build.0 = Release|x64
		{4F9B5518-24D8-471A-AFF8-BFB130C8025B}.Release|x86.ActiveCfg = Release|Win32
		{4F9B5518-24D8-471A-AFF8-BFB130C8025B}.Release|x86.Build.0 = Release|Win32
		{4F9B5518-24D8-471A-AFF8-BFB130C8025B}.ReleaseStatic|Itanium.ActiveCfg = Debug|Win32
		{4F9B5518-24D8-471A-AFF8-BFB130C8025B}.ReleaseStatic|Itanium.Build.0 = Debug|Win32
		{4F9B5518-24D8-471A-AFF8-BFB130C8025B}.ReleaseStatic|x64.ActiveCfg = Release|x64
		{4F9B5518-24D8-471A-AFF8-BFB130C8025B}.ReleaseStatic|x64.Build.0 = Release|x64
		{4F9B5518-24D8-471A-AFF8-BFB130C8025B}.ReleaseStatic|x86.ActiveCfg = Release|Win32
		{4F9B5518-24D8-471A-AFF8-BFB130C8025B}.ReleaseStatic|x86.Build.0 = Release|Win32
		{4F9B5518-24D8-471A-AFF8-BFB130C8025B}.ReleaseWithoutAsm|Itanium.ActiveCfg = Debug|Win32
		{4F9B5518-24D8-471A-AFF8-BFB130C8025B}.ReleaseWithoutAsm|Itanium.Build.0 = Debug|Win32
		{4F9B5518-24D8-471A-AFF8-BFB130C8025B}.ReleaseWithoutAsm|x64.ActiveCfg = Release|x64
		{4F9B5518-24D8-471A-AFF8-BFB130C8025B}.ReleaseWithoutAsm|x64.Build.0 = Release|x64
		{4F9B5518-24D8-471A-AFF8-BFB130C8025B}.ReleaseWithoutAsm|x86.ActiveCfg = Release|Win32
		{4F9B5518-24D8-471A-AFF8-BFB130C8025B}.ReleaseWithoutAsm|x86.Build.0 = Release|Win32
		{8FD826F8-3739-44E6-8CC8-997122E53B8D}.Debug|Itanium.ActiveCfg = Debug|Itanium
		{8FD826F8-3739-44E6-8CC8-997122E53B8D}.Debug|Itanium.Build.0 = Debug|Itanium
		{8FD826F8-3739-44E6-8CC8-997122E53B8D}.Debug|x64.ActiveCfg = Debug|x64
		{8FD826F8-3739-44E6-8CC8-997122E53B8D}.Debug|x64.Build.0 = Debug|x64
		{8FD826F8-3739-44E6-8CC8-997122E53B8D}.Debug|x86.ActiveCfg = Debug|Win32
		{8FD826F8-3739-44E6-8CC8-997122E53B8D}.Debug|x86.Build.0 = Debug|Win32
		{8FD826F8-3739-44E6-8CC8-997122E53B8D}.DebugStatic|Itanium.ActiveCfg = Debug|Itanium
		{8FD826F8-3739-44E6-8CC8-997122E53B8D}.DebugStatic|Itanium.Build.0 = Debug|Itanium
		{8FD826F8-3739-44E6-8CC8-997122E53B8D}.DebugStatic|x64.ActiveCfg = Debug|x64
		{8FD826F8-3739-44E6-8CC8-997122E53B8D}.DebugStatic|x64.Build.0 = Debug|x64
		{8FD826F8-3739-44E6-8CC8-997122E53B8D}.DebugStatic|x86.ActiveCfg = Debug|Win32
		{8FD826F8-3739-44E6-8CC8-997122E53B8D}.DebugStatic|x86.Build.0 = Debug|Win32
		{8FD826F8-3739-44E6-8CC8-997122E53B8D}.Release|Itanium.ActiveCfg = Release|Itanium
		{8FD826F8-3739-44E6-8CC8-997122E53B8D}.Release|Itanium.Build.0 = Release|Itanium
		{8FD826F8-3739-44E6-8CC8-997122E53B8D}.Release|x64.ActiveCfg = Release|x64
		{8FD826F8-3739-44E6-8CC8-997122E53B8D}.Release|x64.Build.0 = Release|x64
		{8FD826F8-3739-44E6-8CC8-997122E53B8D}.Release|x86.ActiveCfg = Release|Win32
		{8FD826F8-3739-44E6-8CC8-997122E53B8D}.Release|x86.Build.0 = Release|Win32
		{8FD826F8-3739-44E6-8CC8-997122E53B8D}.ReleaseStatic|Itanium.ActiveCfg = Release|Itanium
		{8FD826F8-3739-44E6-8CC8-997122E53B8D}.ReleaseStatic|Itanium.Build.0 = Release|Itanium
		{8FD826F8-3739-44E6-8CC8-997122E53B8D}.ReleaseStatic|x64.ActiveCfg = ReleaseWithoutAsm|x64
		{8FD826F8-3739-44E6-8CC8-997122E53B8D}.ReleaseStatic|x64.Build.0 = ReleaseWithoutAsm|x64
		{8FD826F8-3739-44E6-8CC8-997122E53B8D}.ReleaseStatic|x86.ActiveCfg = ReleaseWithoutAsm|Win32
		{8FD826F8-3739-44E6-8CC8-997122E53B8D}.ReleaseStatic|x86.Build.0 = ReleaseWithoutAsm|Win32
		{8FD826F8-3739-44E6-8CC8-997122E53B8D}.ReleaseWithoutAsm|Itanium.ActiveCfg = ReleaseWithoutAsm|Itanium
		{8FD826F8-3739-44E6-8CC8-997122E53B8D}.ReleaseWithoutAsm|Itanium.Build.0 = ReleaseWithoutAsm|Itanium
		{8FD826F8-3739-44E6-8CC8-997122E53B8D}.ReleaseWithoutAsm|x64.ActiveCfg = ReleaseWithoutAsm|x64
		{8FD826F8-3739-44E6-8CC8-997122E53B8D}.ReleaseWithoutAsm|x64.Build.0 = ReleaseWithoutAsm|x64
		{8FD826F8-3739-44E6-8CC8-997122E53B8D}.ReleaseWithoutAsm|x86.ActiveCfg = ReleaseWithoutAsm|Win32
		{8FD826F8-3739-44E6-8CC8-997122E53B8D}.ReleaseWithoutAsm|x86.Build.0 = ReleaseWithoutAsm|Win32
	EndGlobalSection
	GlobalSection(SolutionProperties) = preSolution
		HideSolutionNode = FALSE
	EndGlobalSection
	GlobalSection(ExtensibilityGlobals) = postSolution
		SolutionGuid = {29E3ABA1-FEA6-456B-9956-42F1A2ECFC14}
	EndGlobalSection
EndGlobal
